{
  "name": "ha_camera",
  "version": "1.0.0",
  "lockfileVersion": 1,
  "requires": true,
  "dependencies": {
    "node-rtsp-stream": {
      "version": "0.0.8",
      "resolved": "https://registry.npmjs.org/node-rtsp-stream/-/node-rtsp-stream-0.0.8.tgz",
      "integrity": "sha512-AcXJ+i6cNRRub8MrDQE1NxviwdZlwc4kow4QJ5JgazrZrHbg9TEJAZupYubaubBHW/Zob9o7V4cex/89U/9q1g==",
      "requires": {
        "ws": "^7.0.0"
      }
    },
    "ws": {
      "version": "7.2.1",
      "resolved": "https://registry.npmjs.org/ws/-/ws-7.2.1.tgz",
      "integrity": "sha512-sucePNSafamSKoOqoNfBd8V0StlkzJKL2ZAhGQinCfNQ+oacw+Pk7lcdAElecBF2VkLNZRiIb5Oi1Q5lVUVt2A=="
    }
  }
}
